
Microsoft Visual Studio Solution File, Format Version 12.00
# Visual Studio Version 17
VisualStudioVersion = 17.1.32228.430
MinimumVisualStudioVersion = 10.0.40219.1
Project("{8BC9CEB8-8B4A-11D0-8D11-00A0C91BC942}") = "SoftBodySimulation", "SoftBodySimulation\SoftBodySimulation.vcxproj", "{FC25C24E-9BAC-4C85-B497-7DA0524EA6CF}"
EndProject
Global
	GlobalSection(SolutionConfigurationPlatforms) = preSolution
		Debug|x64 = Debug|x64
		Debug|x86 = Debug|x86
		Release|x64 = Release|x64
		Release|x86 = Release|x86
	EndGlobalSection
	GlobalSection(ProjectConfigurationPlatforms) = postSolution
		{FC25C24E-9BAC-4C85-B497-7DA0524EA6CF}.Debug|x64.ActiveCfg = Debug|x64
		{FC25C24E-9BAC-4C85-B497-7DA0524EA6CF}.Debug|x64.Build.0 = Debug|x64
		{FC25C24E-9BAC-4C85-B497-7DA0524EA6CF}.Debug|x86.ActiveCfg = Debug|Win32
		{FC25C24E-9BAC-4C85-B497-7DA0524EA6CF}.Debug|x86.Build.0 = Debug|Win32
		{FC25C24E-9BAC-4C85-B497-7DA0524EA6CF}.Release|x64.ActiveCfg = Release|x64
		{FC25C24E-9BAC-4C85-B497-7DA0524EA6CF}.Release|x64.Build.0 = Release|x64
		{FC25C24E-9BAC-4C85-B497-7DA0524EA6CF}.Release|x86.ActiveCfg = Release|Win32
		{FC25C24E-9BAC-4C85-B497-7DA0524EA6CF}.Release|x86.Build.0 = Release|Win32
	EndGlobalSection
	GlobalSection(SolutionProperties) = preSolution
		HideSolutionNode = FALSE
	EndGlobalSection
	GlobalSection(ExtensibilityGlobals) = postSolution
		SolutionGuid = {F1FE519A-470D-4FFE-80E4-3495AEF0A028}
	EndGlobalSection
EndGlobal
